
Microsoft Visual Studio Solution File, Format Version 12.00
# Visual Studio Version 16
VisualStudioVersion = 16.0.31911.196
MinimumVisualStudioVersion = 10.0.40219.1
Project("{2150E333-8FDC-42A3-9474-1A3956D46DE8}") = "5ЛР", "5ЛР", "{6082F675-7837-4CA7-A07B-C5D156266248}"
EndProject
Project("{F2A71F9B-5D33-465A-A702-920D77279786}") = "Task 11(5LR)", "Task 11\Task 11(5LR).fsproj", "{C2A54C5E-8C31-4F44-A1FC-43E4221716E7}"
EndProject
Project("{F2A71F9B-5D33-465A-A702-920D77279786}") = "Task 12(5LR)", "Task 12(5LR)\Task 12(5LR).fsproj", "{6564D74C-028C-44EB-8679-AF2F3A4E0458}"
EndProject
Project("{F2A71F9B-5D33-465A-A702-920D77279786}") = "Task 13 (5LR)", "Task 13 (5LR)\Task 13 (5LR).fsproj", "{EF654108-42A1-4A20-9C8B-6D6A266B3AFF}"
EndProject
Global
	GlobalSection(SolutionConfigurationPlatforms) = preSolution
		Debug|Any CPU = Debug|Any CPU
		Release|Any CPU = Release|Any CPU
	EndGlobalSection
	GlobalSection(ProjectConfigurationPlatforms) = postSolution
		{C2A54C5E-8C31-4F44-A1FC-43E4221716E7}.Debug|Any CPU.ActiveCfg = Debug|Any CPU
		{C2A54C5E-8C31-4F44-A1FC-43E4221716E7}.Debug|Any CPU.Build.0 = Debug|Any CPU
		{C2A54C5E-8C31-4F44-A1FC-43E4221716E7}.Release|Any CPU.ActiveCfg = Release|Any CPU
		{C2A54C5E-8C31-4F44-A1FC-43E4221716E7}.Release|Any CPU.Build.0 = Release|Any CPU
		{6564D74C-028C-44EB-8679-AF2F3A4E0458}.Debug|Any CPU.ActiveCfg = Debug|Any CPU
		{6564D74C-028C-44EB-8679-AF2F3A4E0458}.Debug|Any CPU.Build.0 = Debug|Any CPU
		{6564D74C-028C-44EB-8679-AF2F3A4E0458}.Release|Any CPU.ActiveCfg = Release|Any CPU
		{6564D74C-028C-44EB-8679-AF2F3A4E0458}.Release|Any CPU.Build.0 = Release|Any CPU
		{EF654108-42A1-4A20-9C8B-6D6A266B3AFF}.Debug|Any CPU.ActiveCfg = Debug|Any CPU
		{EF654108-42A1-4A20-9C8B-6D6A266B3AFF}.Debug|Any CPU.Build.0 = Debug|Any CPU
		{EF654108-42A1-4A20-9C8B-6D6A266B3AFF}.Release|Any CPU.ActiveCfg = Release|Any CPU
		{EF654108-42A1-4A20-9C8B-6D6A266B3AFF}.Release|Any CPU.Build.0 = Release|Any CPU
	EndGlobalSection
	GlobalSection(SolutionProperties) = preSolution
		HideSolutionNode = FALSE
	EndGlobalSection
	GlobalSection(NestedProjects) = preSolution
		{C2A54C5E-8C31-4F44-A1FC-43E4221716E7} = {6082F675-7837-4CA7-A07B-C5D156266248}
		{6564D74C-028C-44EB-8679-AF2F3A4E0458} = {6082F675-7837-4CA7-A07B-C5D156266248}
		{EF654108-42A1-4A20-9C8B-6D6A266B3AFF} = {6082F675-7837-4CA7-A07B-C5D156266248}
	EndGlobalSection
	GlobalSection(ExtensibilityGlobals) = postSolution
		SolutionGuid = {875B2AE6-6C4D-41B5-B70C-513438EE2384}
	EndGlobalSection
EndGlobal
