
Microsoft Visual Studio Solution File, Format Version 12.00
# Visual Studio Version 16
VisualStudioVersion = 16.0.31911.196
MinimumVisualStudioVersion = 10.0.40219.1
Project("{2150E333-8FDC-42A3-9474-1A3956D46DE8}") = "5ЛР", "5ЛР", "{6082F675-7837-4CA7-A07B-C5D156266248}"
EndProject
Project("{6EC3EE1D-3C4E-46DD-8F32-0CC8E7565705}") = "Task 11(5LR)", "Task 11\Task 11(5LR).fsproj", "{C2A54C5E-8C31-4F44-A1FC-43E4221716E7}"
EndProject
Project("{6EC3EE1D-3C4E-46DD-8F32-0CC8E7565705}") = "Task 12(5LR)", "Task 12(5LR)\Task 12(5LR).fsproj", "{6564D74C-028C-44EB-8679-AF2F3A4E0458}"
EndProject
Project("{6EC3EE1D-3C4E-46DD-8F32-0CC8E7565705}") = "Task 13 (5LR)", "Task 13 (5LR)\Task 13 (5LR).fsproj", "{EF654108-42A1-4A20-9C8B-6D6A266B3AFF}"
EndProject
Project("{6EC3EE1D-3C4E-46DD-8F32-0CC8E7565705}") = "Task 14(5LR)", "Task 14(5LR)\Task 14(5LR).fsproj", "{6B35DC02-9C71-4CFC-8458-20D07569202A}"
EndProject
Project("{6EC3EE1D-3C4E-46DD-8F32-0CC8E7565705}") = "Task 15,16 (5LR)", "Task 15(5LR)\Task 15,16 (5LR).fsproj", "{9BDE6DA3-EFD3-42E5-BA8F-D2EEB2A96F22}"
EndProject
Project("{6EC3EE1D-3C4E-46DD-8F32-0CC8E7565705}") = "Task 17 (5LR)", "Task 17 (5LR)\Task 17 (5LR).fsproj", "{BD2D7DCB-112B-4583-B4B7-F06D3EA90D78}"
EndProject
Project("{6EC3EE1D-3C4E-46DD-8F32-0CC8E7565705}") = "Task 18 (5LR)", "Task 18 (5LR)\Task 18 (5LR).fsproj", "{D5BD2D53-8028-4C95-99EE-EF1AD16ECFCF}"
EndProject
Project("{2150E333-8FDC-42A3-9474-1A3956D46DE8}") = "6ЛР", "6ЛР", "{91B621C5-5DB9-450D-91B6-41438D2EB1A3}"
EndProject
Project("{6EC3EE1D-3C4E-46DD-8F32-0CC8E7565705}") = "Task 11 (6LR)", "Task 11 (6LR)\Task 11 (6LR).fsproj", "{37EFB2EC-C40E-4EA0-9E9C-BE1E54152599}"
EndProject
Project("{6EC3EE1D-3C4E-46DD-8F32-0CC8E7565705}") = "Task 12 (6LR)", "Task 12 (6LR)\Task 12 (6LR).fsproj", "{44E0C46D-6B04-4EAA-B330-D5E29987077A}"
EndProject
Project("{6EC3EE1D-3C4E-46DD-8F32-0CC8E7565705}") = "Task 13  - 1.2(6LR )", "Task 13  - 1.2(6LR )\Task 13  - 1.2(6LR ).fsproj", "{890FC841-FCBD-4475-A4B4-861574769802}"
EndProject
Project("{6EC3EE1D-3C4E-46DD-8F32-0CC8E7565705}") = "Task 14 - 1.13(6LR)", "Task 14 - 1.13(6LR)\Task 14 - 1.13(6LR).fsproj", "{8FC57875-DAB9-4A4D-820D-5DCFE7E0E132}"
EndProject
Project("{6EC3EE1D-3C4E-46DD-8F32-0CC8E7565705}") = "Task 15 - 1.15(6LR)", "Task 15 - 1.15(6LR)\Task 15 - 1.15(6LR).fsproj", "{CFFF85AA-03B6-4190-8C1F-F703D0DF4450}"
EndProject
Project("{6EC3EE1D-3C4E-46DD-8F32-0CC8E7565705}") = "Task 16 - 1.25 (6LR)", "Task 16 - 1.25 (6LR)\Task 16 - 1.25 (6LR).fsproj", "{2E91A523-00EF-40E0-9084-7E45FCE77F69}"
EndProject
Project("{6EC3EE1D-3C4E-46DD-8F32-0CC8E7565705}") = "Task 17 - 1.28 (6LR)", "Task 17 - 1.28\Task 17 - 1.28 (6LR).fsproj", "{09A4B21B-AA2E-4B14-9FE2-7F584C201623}"
EndProject
Project("{6EC3EE1D-3C4E-46DD-8F32-0CC8E7565705}") = "Task 18 - 1.37 (6LR)", "Task 18 - 1.37 (6LR)\Task 18 - 1.37 (6LR).fsproj", "{F6B438F3-BBCA-4DDF-B45A-386E285A5D94}"
EndProject
Project("{6EC3EE1D-3C4E-46DD-8F32-0CC8E7565705}") = "Task 19 - 1.43 (6LR)", "Task 19 - 1.43 (6LR)\Task 19 - 1.43 (6LR).fsproj", "{A314A029-143C-43E3-854B-31576AA0E347}"
EndProject
Project("{6EC3EE1D-3C4E-46DD-8F32-0CC8E7565705}") = "Task 20 - 1.59 (6 LR)", "Task 20 - 1.59 (6 LR)\Task 20 - 1.59 (6 LR).fsproj", "{25269FE2-54FD-45BE-B9B4-19A744F14FFF}"
EndProject
Project("{2150E333-8FDC-42A3-9474-1A3956D46DE8}") = "7ЛР", "7ЛР", "{3CF42B75-02B8-4B37-A2FF-D7EA95E11751}"
EndProject
Project("{F2A71F9B-5D33-465A-A702-920D77279786}") = "7.11", "7.11\7.11.fsproj", "{9EF19C90-B4B1-4350-8435-93DC452E6281}"
EndProject
Global
	GlobalSection(SolutionConfigurationPlatforms) = preSolution
		Debug|Any CPU = Debug|Any CPU
		Release|Any CPU = Release|Any CPU
	EndGlobalSection
	GlobalSection(ProjectConfigurationPlatforms) = postSolution
		{C2A54C5E-8C31-4F44-A1FC-43E4221716E7}.Debug|Any CPU.ActiveCfg = Debug|Any CPU
		{C2A54C5E-8C31-4F44-A1FC-43E4221716E7}.Debug|Any CPU.Build.0 = Debug|Any CPU
		{C2A54C5E-8C31-4F44-A1FC-43E4221716E7}.Release|Any CPU.ActiveCfg = Release|Any CPU
		{C2A54C5E-8C31-4F44-A1FC-43E4221716E7}.Release|Any CPU.Build.0 = Release|Any CPU
		{6564D74C-028C-44EB-8679-AF2F3A4E0458}.Debug|Any CPU.ActiveCfg = Debug|Any CPU
		{6564D74C-028C-44EB-8679-AF2F3A4E0458}.Debug|Any CPU.Build.0 = Debug|Any CPU
		{6564D74C-028C-44EB-8679-AF2F3A4E0458}.Release|Any CPU.ActiveCfg = Release|Any CPU
		{6564D74C-028C-44EB-8679-AF2F3A4E0458}.Release|Any CPU.Build.0 = Release|Any CPU
		{EF654108-42A1-4A20-9C8B-6D6A266B3AFF}.Debug|Any CPU.ActiveCfg = Debug|Any CPU
		{EF654108-42A1-4A20-9C8B-6D6A266B3AFF}.Debug|Any CPU.Build.0 = Debug|Any CPU
		{EF654108-42A1-4A20-9C8B-6D6A266B3AFF}.Release|Any CPU.ActiveCfg = Release|Any CPU
		{EF654108-42A1-4A20-9C8B-6D6A266B3AFF}.Release|Any CPU.Build.0 = Release|Any CPU
		{6B35DC02-9C71-4CFC-8458-20D07569202A}.Debug|Any CPU.ActiveCfg = Debug|Any CPU
		{6B35DC02-9C71-4CFC-8458-20D07569202A}.Debug|Any CPU.Build.0 = Debug|Any CPU
		{6B35DC02-9C71-4CFC-8458-20D07569202A}.Release|Any CPU.ActiveCfg = Release|Any CPU
		{6B35DC02-9C71-4CFC-8458-20D07569202A}.Release|Any CPU.Build.0 = Release|Any CPU
		{9BDE6DA3-EFD3-42E5-BA8F-D2EEB2A96F22}.Debug|Any CPU.ActiveCfg = Debug|Any CPU
		{9BDE6DA3-EFD3-42E5-BA8F-D2EEB2A96F22}.Debug|Any CPU.Build.0 = Debug|Any CPU
		{9BDE6DA3-EFD3-42E5-BA8F-D2EEB2A96F22}.Release|Any CPU.ActiveCfg = Release|Any CPU
		{9BDE6DA3-EFD3-42E5-BA8F-D2EEB2A96F22}.Release|Any CPU.Build.0 = Release|Any CPU
		{BD2D7DCB-112B-4583-B4B7-F06D3EA90D78}.Debug|Any CPU.ActiveCfg = Debug|Any CPU
		{BD2D7DCB-112B-4583-B4B7-F06D3EA90D78}.Debug|Any CPU.Build.0 = Debug|Any CPU
		{BD2D7DCB-112B-4583-B4B7-F06D3EA90D78}.Release|Any CPU.ActiveCfg = Release|Any CPU
		{BD2D7DCB-112B-4583-B4B7-F06D3EA90D78}.Release|Any CPU.Build.0 = Release|Any CPU
		{D5BD2D53-8028-4C95-99EE-EF1AD16ECFCF}.Debug|Any CPU.ActiveCfg = Debug|Any CPU
		{D5BD2D53-8028-4C95-99EE-EF1AD16ECFCF}.Debug|Any CPU.Build.0 = Debug|Any CPU
		{D5BD2D53-8028-4C95-99EE-EF1AD16ECFCF}.Release|Any CPU.ActiveCfg = Release|Any CPU
		{D5BD2D53-8028-4C95-99EE-EF1AD16ECFCF}.Release|Any CPU.Build.0 = Release|Any CPU
		{37EFB2EC-C40E-4EA0-9E9C-BE1E54152599}.Debug|Any CPU.ActiveCfg = Debug|Any CPU
		{37EFB2EC-C40E-4EA0-9E9C-BE1E54152599}.Debug|Any CPU.Build.0 = Debug|Any CPU
		{37EFB2EC-C40E-4EA0-9E9C-BE1E54152599}.Release|Any CPU.ActiveCfg = Release|Any CPU
		{37EFB2EC-C40E-4EA0-9E9C-BE1E54152599}.Release|Any CPU.Build.0 = Release|Any CPU
		{44E0C46D-6B04-4EAA-B330-D5E29987077A}.Debug|Any CPU.ActiveCfg = Debug|Any CPU
		{44E0C46D-6B04-4EAA-B330-D5E29987077A}.Debug|Any CPU.Build.0 = Debug|Any CPU
		{44E0C46D-6B04-4EAA-B330-D5E29987077A}.Release|Any CPU.ActiveCfg = Release|Any CPU
		{44E0C46D-6B04-4EAA-B330-D5E29987077A}.Release|Any CPU.Build.0 = Release|Any CPU
		{890FC841-FCBD-4475-A4B4-861574769802}.Debug|Any CPU.ActiveCfg = Debug|Any CPU
		{890FC841-FCBD-4475-A4B4-861574769802}.Debug|Any CPU.Build.0 = Debug|Any CPU
		{890FC841-FCBD-4475-A4B4-861574769802}.Release|Any CPU.ActiveCfg = Release|Any CPU
		{890FC841-FCBD-4475-A4B4-861574769802}.Release|Any CPU.Build.0 = Release|Any CPU
		{8FC57875-DAB9-4A4D-820D-5DCFE7E0E132}.Debug|Any CPU.ActiveCfg = Debug|Any CPU
		{8FC57875-DAB9-4A4D-820D-5DCFE7E0E132}.Debug|Any CPU.Build.0 = Debug|Any CPU
		{8FC57875-DAB9-4A4D-820D-5DCFE7E0E132}.Release|Any CPU.ActiveCfg = Release|Any CPU
		{8FC57875-DAB9-4A4D-820D-5DCFE7E0E132}.Release|Any CPU.Build.0 = Release|Any CPU
		{CFFF85AA-03B6-4190-8C1F-F703D0DF4450}.Debug|Any CPU.ActiveCfg = Debug|Any CPU
		{CFFF85AA-03B6-4190-8C1F-F703D0DF4450}.Debug|Any CPU.Build.0 = Debug|Any CPU
		{CFFF85AA-03B6-4190-8C1F-F703D0DF4450}.Release|Any CPU.ActiveCfg = Release|Any CPU
		{CFFF85AA-03B6-4190-8C1F-F703D0DF4450}.Release|Any CPU.Build.0 = Release|Any CPU
		{2E91A523-00EF-40E0-9084-7E45FCE77F69}.Debug|Any CPU.ActiveCfg = Debug|Any CPU
		{2E91A523-00EF-40E0-9084-7E45FCE77F69}.Debug|Any CPU.Build.0 = Debug|Any CPU
		{2E91A523-00EF-40E0-9084-7E45FCE77F69}.Release|Any CPU.ActiveCfg = Release|Any CPU
		{2E91A523-00EF-40E0-9084-7E45FCE77F69}.Release|Any CPU.Build.0 = Release|Any CPU
		{09A4B21B-AA2E-4B14-9FE2-7F584C201623}.Debug|Any CPU.ActiveCfg = Debug|Any CPU
		{09A4B21B-AA2E-4B14-9FE2-7F584C201623}.Debug|Any CPU.Build.0 = Debug|Any CPU
		{09A4B21B-AA2E-4B14-9FE2-7F584C201623}.Release|Any CPU.ActiveCfg = Release|Any CPU
		{09A4B21B-AA2E-4B14-9FE2-7F584C201623}.Release|Any CPU.Build.0 = Release|Any CPU
		{F6B438F3-BBCA-4DDF-B45A-386E285A5D94}.Debug|Any CPU.ActiveCfg = Debug|Any CPU
		{F6B438F3-BBCA-4DDF-B45A-386E285A5D94}.Debug|Any CPU.Build.0 = Debug|Any CPU
		{F6B438F3-BBCA-4DDF-B45A-386E285A5D94}.Release|Any CPU.ActiveCfg = Release|Any CPU
		{F6B438F3-BBCA-4DDF-B45A-386E285A5D94}.Release|Any CPU.Build.0 = Release|Any CPU
		{A314A029-143C-43E3-854B-31576AA0E347}.Debug|Any CPU.ActiveCfg = Debug|Any CPU
		{A314A029-143C-43E3-854B-31576AA0E347}.Debug|Any CPU.Build.0 = Debug|Any CPU
		{A314A029-143C-43E3-854B-31576AA0E347}.Release|Any CPU.ActiveCfg = Release|Any CPU
		{A314A029-143C-43E3-854B-31576AA0E347}.Release|Any CPU.Build.0 = Release|Any CPU
		{25269FE2-54FD-45BE-B9B4-19A744F14FFF}.Debug|Any CPU.ActiveCfg = Debug|Any CPU
		{25269FE2-54FD-45BE-B9B4-19A744F14FFF}.Debug|Any CPU.Build.0 = Debug|Any CPU
		{25269FE2-54FD-45BE-B9B4-19A744F14FFF}.Release|Any CPU.ActiveCfg = Release|Any CPU
		{25269FE2-54FD-45BE-B9B4-19A744F14FFF}.Release|Any CPU.Build.0 = Release|Any CPU
		{9EF19C90-B4B1-4350-8435-93DC452E6281}.Debug|Any CPU.ActiveCfg = Debug|Any CPU
		{9EF19C90-B4B1-4350-8435-93DC452E6281}.Debug|Any CPU.Build.0 = Debug|Any CPU
		{9EF19C90-B4B1-4350-8435-93DC452E6281}.Release|Any CPU.ActiveCfg = Release|Any CPU
		{9EF19C90-B4B1-4350-8435-93DC452E6281}.Release|Any CPU.Build.0 = Release|Any CPU
	EndGlobalSection
	GlobalSection(SolutionProperties) = preSolution
		HideSolutionNode = FALSE
	EndGlobalSection
	GlobalSection(NestedProjects) = preSolution
		{C2A54C5E-8C31-4F44-A1FC-43E4221716E7} = {6082F675-7837-4CA7-A07B-C5D156266248}
		{6564D74C-028C-44EB-8679-AF2F3A4E0458} = {6082F675-7837-4CA7-A07B-C5D156266248}
		{EF654108-42A1-4A20-9C8B-6D6A266B3AFF} = {6082F675-7837-4CA7-A07B-C5D156266248}
		{6B35DC02-9C71-4CFC-8458-20D07569202A} = {6082F675-7837-4CA7-A07B-C5D156266248}
		{9BDE6DA3-EFD3-42E5-BA8F-D2EEB2A96F22} = {6082F675-7837-4CA7-A07B-C5D156266248}
		{BD2D7DCB-112B-4583-B4B7-F06D3EA90D78} = {6082F675-7837-4CA7-A07B-C5D156266248}
		{D5BD2D53-8028-4C95-99EE-EF1AD16ECFCF} = {6082F675-7837-4CA7-A07B-C5D156266248}
		{37EFB2EC-C40E-4EA0-9E9C-BE1E54152599} = {91B621C5-5DB9-450D-91B6-41438D2EB1A3}
		{44E0C46D-6B04-4EAA-B330-D5E29987077A} = {91B621C5-5DB9-450D-91B6-41438D2EB1A3}
		{890FC841-FCBD-4475-A4B4-861574769802} = {91B621C5-5DB9-450D-91B6-41438D2EB1A3}
		{8FC57875-DAB9-4A4D-820D-5DCFE7E0E132} = {91B621C5-5DB9-450D-91B6-41438D2EB1A3}
		{CFFF85AA-03B6-4190-8C1F-F703D0DF4450} = {91B621C5-5DB9-450D-91B6-41438D2EB1A3}
		{2E91A523-00EF-40E0-9084-7E45FCE77F69} = {91B621C5-5DB9-450D-91B6-41438D2EB1A3}
		{09A4B21B-AA2E-4B14-9FE2-7F584C201623} = {91B621C5-5DB9-450D-91B6-41438D2EB1A3}
		{F6B438F3-BBCA-4DDF-B45A-386E285A5D94} = {91B621C5-5DB9-450D-91B6-41438D2EB1A3}
		{A314A029-143C-43E3-854B-31576AA0E347} = {91B621C5-5DB9-450D-91B6-41438D2EB1A3}
		{25269FE2-54FD-45BE-B9B4-19A744F14FFF} = {91B621C5-5DB9-450D-91B6-41438D2EB1A3}
		{9EF19C90-B4B1-4350-8435-93DC452E6281} = {3CF42B75-02B8-4B37-A2FF-D7EA95E11751}
	EndGlobalSection
	GlobalSection(ExtensibilityGlobals) = postSolution
		SolutionGuid = {875B2AE6-6C4D-41B5-B70C-513438EE2384}
	EndGlobalSection
EndGlobal
